
Microsoft Visual Studio Solution File, Format Version 12.00
# Visual Studio 2013
VisualStudioVersion = 12.0.31101.0
MinimumVisualStudioVersion = 10.0.40219.1
Project("{FAE04EC0-301F-11D3-BF4B-00C04F79EFBC}") = "libobs-sharp", "libobs-sharp\libobs-sharp.csproj", "{910FAB21-9D79-4CF2-AB70-47291BABA41E}"
EndProject
Project("{FAE04EC0-301F-11D3-BF4B-00C04F79EFBC}") = "test", "test\test.csproj", "{1763A94E-68CF-4BC4-8B56-E844DF4726F4}"
EndProject
Global
	GlobalSection(SolutionConfigurationPlatforms) = preSolution
		Debug|x64 = Debug|x64
		Debug|x86 = Debug|x86
		Release|x64 = Release|x64
		Release|x86 = Release|x86
	EndGlobalSection
	GlobalSection(ProjectConfigurationPlatforms) = postSolution
		{910FAB21-9D79-4CF2-AB70-47291BABA41E}.Debug|x64.ActiveCfg = Debug|x64
		{910FAB21-9D79-4CF2-AB70-47291BABA41E}.Debug|x64.Build.0 = Debug|x64
		{910FAB21-9D79-4CF2-AB70-47291BABA41E}.Debug|x86.ActiveCfg = Debug|x86
		{910FAB21-9D79-4CF2-AB70-47291BABA41E}.Debug|x86.Build.0 = Debug|x86
		{910FAB21-9D79-4CF2-AB70-47291BABA41E}.Release|x64.ActiveCfg = Release|x64
		{910FAB21-9D79-4CF2-AB70-47291BABA41E}.Release|x64.Build.0 = Release|x64
		{910FAB21-9D79-4CF2-AB70-47291BABA41E}.Release|x86.ActiveCfg = Release|x86
		{910FAB21-9D79-4CF2-AB70-47291BABA41E}.Release|x86.Build.0 = Release|x86
		{1763A94E-68CF-4BC4-8B56-E844DF4726F4}.Debug|x64.ActiveCfg = Debug|x64
		{1763A94E-68CF-4BC4-8B56-E844DF4726F4}.Debug|x64.Build.0 = Debug|x64
		{1763A94E-68CF-4BC4-8B56-E844DF4726F4}.Debug|x86.ActiveCfg = Debug|x86
		{1763A94E-68CF-4BC4-8B56-E844DF4726F4}.Debug|x86.Build.0 = Debug|x86
		{1763A94E-68CF-4BC4-8B56-E844DF4726F4}.Release|x64.ActiveCfg = Release|x64
		{1763A94E-68CF-4BC4-8B56-E844DF4726F4}.Release|x64.Build.0 = Release|x64
		{1763A94E-68CF-4BC4-8B56-E844DF4726F4}.Release|x86.ActiveCfg = Release|x86
		{1763A94E-68CF-4BC4-8B56-E844DF4726F4}.Release|x86.Build.0 = Release|x86
	EndGlobalSection
	GlobalSection(SolutionProperties) = preSolution
		HideSolutionNode = FALSE
	EndGlobalSection
EndGlobal
