
Microsoft Visual Studio Solution File, Format Version 12.00
# Visual Studio 2013
VisualStudioVersion = 12.0.30723.0
MinimumVisualStudioVersion = 10.0.40219.1
Project("{FAE04EC0-301F-11D3-BF4B-00C04F79EFBC}") = "libobs-sharp", "libobs-sharp\libobs-sharp.csproj", "{910FAB21-9D79-4CF2-AB70-47291BABA41E}"
	ProjectSection(ProjectDependencies) = postProject
		{77B1A541-DB6F-4EE3-B46F-D6B99E90F9F6} = {77B1A541-DB6F-4EE3-B46F-D6B99E90F9F6}
	EndProjectSection
EndProject
Project("{FAE04EC0-301F-11D3-BF4B-00C04F79EFBC}") = "test", "test\test.csproj", "{1763A94E-68CF-4BC4-8B56-E844DF4726F4}"
EndProject
Project("{8BC9CEB8-8B4A-11D0-8D11-00A0C91BC942}") = "libobs", "..\build\libobs\libobs.vcxproj", "{77B1A541-DB6F-4EE3-B46F-D6B99E90F9F6}"
EndProject
Project("{2150E333-8FDC-42A3-9474-1A3956D46DE8}") = "Solution Items", "Solution Items", "{76113D4C-C44F-4CA0-B2F6-9692B452BFF8}"
EndProject
Project("{8BC9CEB8-8B4A-11D0-8D11-00A0C91BC942}") = "win-test", "..\build\test\win\win-test.vcxproj", "{82413CFF-7170-4460-825D-18CFF3C6523F}"
EndProject
Global
	GlobalSection(SolutionConfigurationPlatforms) = preSolution
		Debug|Any CPU = Debug|Any CPU
		Debug|Mixed Platforms = Debug|Mixed Platforms
		Debug|Win32 = Debug|Win32
		MinSizeRel|Any CPU = MinSizeRel|Any CPU
		MinSizeRel|Mixed Platforms = MinSizeRel|Mixed Platforms
		MinSizeRel|Win32 = MinSizeRel|Win32
		Release|Any CPU = Release|Any CPU
		Release|Mixed Platforms = Release|Mixed Platforms
		Release|Win32 = Release|Win32
		RelWithDebInfo|Any CPU = RelWithDebInfo|Any CPU
		RelWithDebInfo|Mixed Platforms = RelWithDebInfo|Mixed Platforms
		RelWithDebInfo|Win32 = RelWithDebInfo|Win32
	EndGlobalSection
	GlobalSection(ProjectConfigurationPlatforms) = postSolution
		{910FAB21-9D79-4CF2-AB70-47291BABA41E}.Debug|Any CPU.ActiveCfg = Debug|Any CPU
		{910FAB21-9D79-4CF2-AB70-47291BABA41E}.Debug|Any CPU.Build.0 = Debug|Any CPU
		{910FAB21-9D79-4CF2-AB70-47291BABA41E}.Debug|Mixed Platforms.ActiveCfg = Debug|Any CPU
		{910FAB21-9D79-4CF2-AB70-47291BABA41E}.Debug|Mixed Platforms.Build.0 = Debug|Any CPU
		{910FAB21-9D79-4CF2-AB70-47291BABA41E}.Debug|Win32.ActiveCfg = Debug|Any CPU
		{910FAB21-9D79-4CF2-AB70-47291BABA41E}.MinSizeRel|Any CPU.ActiveCfg = Release|Any CPU
		{910FAB21-9D79-4CF2-AB70-47291BABA41E}.MinSizeRel|Any CPU.Build.0 = Release|Any CPU
		{910FAB21-9D79-4CF2-AB70-47291BABA41E}.MinSizeRel|Mixed Platforms.ActiveCfg = Release|Any CPU
		{910FAB21-9D79-4CF2-AB70-47291BABA41E}.MinSizeRel|Mixed Platforms.Build.0 = Release|Any CPU
		{910FAB21-9D79-4CF2-AB70-47291BABA41E}.MinSizeRel|Win32.ActiveCfg = Release|Any CPU
		{910FAB21-9D79-4CF2-AB70-47291BABA41E}.Release|Any CPU.ActiveCfg = Release|Any CPU
		{910FAB21-9D79-4CF2-AB70-47291BABA41E}.Release|Any CPU.Build.0 = Release|Any CPU
		{910FAB21-9D79-4CF2-AB70-47291BABA41E}.Release|Mixed Platforms.ActiveCfg = Release|Any CPU
		{910FAB21-9D79-4CF2-AB70-47291BABA41E}.Release|Mixed Platforms.Build.0 = Release|Any CPU
		{910FAB21-9D79-4CF2-AB70-47291BABA41E}.Release|Win32.ActiveCfg = Release|Any CPU
		{910FAB21-9D79-4CF2-AB70-47291BABA41E}.RelWithDebInfo|Any CPU.ActiveCfg = Release|Any CPU
		{910FAB21-9D79-4CF2-AB70-47291BABA41E}.RelWithDebInfo|Any CPU.Build.0 = Release|Any CPU
		{910FAB21-9D79-4CF2-AB70-47291BABA41E}.RelWithDebInfo|Mixed Platforms.ActiveCfg = Release|Any CPU
		{910FAB21-9D79-4CF2-AB70-47291BABA41E}.RelWithDebInfo|Mixed Platforms.Build.0 = Release|Any CPU
		{910FAB21-9D79-4CF2-AB70-47291BABA41E}.RelWithDebInfo|Win32.ActiveCfg = Release|Any CPU
		{1763A94E-68CF-4BC4-8B56-E844DF4726F4}.Debug|Any CPU.ActiveCfg = Debug|Any CPU
		{1763A94E-68CF-4BC4-8B56-E844DF4726F4}.Debug|Any CPU.Build.0 = Debug|Any CPU
		{1763A94E-68CF-4BC4-8B56-E844DF4726F4}.Debug|Mixed Platforms.ActiveCfg = Debug|Any CPU
		{1763A94E-68CF-4BC4-8B56-E844DF4726F4}.Debug|Mixed Platforms.Build.0 = Debug|Any CPU
		{1763A94E-68CF-4BC4-8B56-E844DF4726F4}.Debug|Win32.ActiveCfg = Debug|Any CPU
		{1763A94E-68CF-4BC4-8B56-E844DF4726F4}.MinSizeRel|Any CPU.ActiveCfg = Release|Any CPU
		{1763A94E-68CF-4BC4-8B56-E844DF4726F4}.MinSizeRel|Any CPU.Build.0 = Release|Any CPU
		{1763A94E-68CF-4BC4-8B56-E844DF4726F4}.MinSizeRel|Mixed Platforms.ActiveCfg = Release|Any CPU
		{1763A94E-68CF-4BC4-8B56-E844DF4726F4}.MinSizeRel|Mixed Platforms.Build.0 = Release|Any CPU
		{1763A94E-68CF-4BC4-8B56-E844DF4726F4}.MinSizeRel|Win32.ActiveCfg = Release|Any CPU
		{1763A94E-68CF-4BC4-8B56-E844DF4726F4}.Release|Any CPU.ActiveCfg = Release|Any CPU
		{1763A94E-68CF-4BC4-8B56-E844DF4726F4}.Release|Any CPU.Build.0 = Release|Any CPU
		{1763A94E-68CF-4BC4-8B56-E844DF4726F4}.Release|Mixed Platforms.ActiveCfg = Release|Any CPU
		{1763A94E-68CF-4BC4-8B56-E844DF4726F4}.Release|Mixed Platforms.Build.0 = Release|Any CPU
		{1763A94E-68CF-4BC4-8B56-E844DF4726F4}.Release|Win32.ActiveCfg = Release|Any CPU
		{1763A94E-68CF-4BC4-8B56-E844DF4726F4}.RelWithDebInfo|Any CPU.ActiveCfg = Release|Any CPU
		{1763A94E-68CF-4BC4-8B56-E844DF4726F4}.RelWithDebInfo|Any CPU.Build.0 = Release|Any CPU
		{1763A94E-68CF-4BC4-8B56-E844DF4726F4}.RelWithDebInfo|Mixed Platforms.ActiveCfg = Release|Any CPU
		{1763A94E-68CF-4BC4-8B56-E844DF4726F4}.RelWithDebInfo|Mixed Platforms.Build.0 = Release|Any CPU
		{1763A94E-68CF-4BC4-8B56-E844DF4726F4}.RelWithDebInfo|Win32.ActiveCfg = Release|Any CPU
		{77B1A541-DB6F-4EE3-B46F-D6B99E90F9F6}.Debug|Any CPU.ActiveCfg = Debug|Win32
		{77B1A541-DB6F-4EE3-B46F-D6B99E90F9F6}.Debug|Mixed Platforms.ActiveCfg = Debug|Win32
		{77B1A541-DB6F-4EE3-B46F-D6B99E90F9F6}.Debug|Mixed Platforms.Build.0 = Debug|Win32
		{77B1A541-DB6F-4EE3-B46F-D6B99E90F9F6}.Debug|Win32.ActiveCfg = Debug|Win32
		{77B1A541-DB6F-4EE3-B46F-D6B99E90F9F6}.Debug|Win32.Build.0 = Debug|Win32
		{77B1A541-DB6F-4EE3-B46F-D6B99E90F9F6}.MinSizeRel|Any CPU.ActiveCfg = MinSizeRel|Win32
		{77B1A541-DB6F-4EE3-B46F-D6B99E90F9F6}.MinSizeRel|Mixed Platforms.ActiveCfg = MinSizeRel|Win32
		{77B1A541-DB6F-4EE3-B46F-D6B99E90F9F6}.MinSizeRel|Mixed Platforms.Build.0 = MinSizeRel|Win32
		{77B1A541-DB6F-4EE3-B46F-D6B99E90F9F6}.MinSizeRel|Win32.ActiveCfg = MinSizeRel|Win32
		{77B1A541-DB6F-4EE3-B46F-D6B99E90F9F6}.MinSizeRel|Win32.Build.0 = MinSizeRel|Win32
		{77B1A541-DB6F-4EE3-B46F-D6B99E90F9F6}.Release|Any CPU.ActiveCfg = Release|Win32
		{77B1A541-DB6F-4EE3-B46F-D6B99E90F9F6}.Release|Mixed Platforms.ActiveCfg = Release|Win32
		{77B1A541-DB6F-4EE3-B46F-D6B99E90F9F6}.Release|Mixed Platforms.Build.0 = Release|Win32
		{77B1A541-DB6F-4EE3-B46F-D6B99E90F9F6}.Release|Win32.ActiveCfg = Release|Win32
		{77B1A541-DB6F-4EE3-B46F-D6B99E90F9F6}.Release|Win32.Build.0 = Release|Win32
		{77B1A541-DB6F-4EE3-B46F-D6B99E90F9F6}.RelWithDebInfo|Any CPU.ActiveCfg = RelWithDebInfo|Win32
		{77B1A541-DB6F-4EE3-B46F-D6B99E90F9F6}.RelWithDebInfo|Mixed Platforms.ActiveCfg = RelWithDebInfo|Win32
		{77B1A541-DB6F-4EE3-B46F-D6B99E90F9F6}.RelWithDebInfo|Mixed Platforms.Build.0 = RelWithDebInfo|Win32
		{77B1A541-DB6F-4EE3-B46F-D6B99E90F9F6}.RelWithDebInfo|Win32.ActiveCfg = RelWithDebInfo|Win32
		{77B1A541-DB6F-4EE3-B46F-D6B99E90F9F6}.RelWithDebInfo|Win32.Build.0 = RelWithDebInfo|Win32
		{82413CFF-7170-4460-825D-18CFF3C6523F}.Debug|Any CPU.ActiveCfg = Debug|Win32
		{82413CFF-7170-4460-825D-18CFF3C6523F}.Debug|Mixed Platforms.ActiveCfg = Debug|Win32
		{82413CFF-7170-4460-825D-18CFF3C6523F}.Debug|Mixed Platforms.Build.0 = Debug|Win32
		{82413CFF-7170-4460-825D-18CFF3C6523F}.Debug|Win32.ActiveCfg = Debug|Win32
		{82413CFF-7170-4460-825D-18CFF3C6523F}.Debug|Win32.Build.0 = Debug|Win32
		{82413CFF-7170-4460-825D-18CFF3C6523F}.MinSizeRel|Any CPU.ActiveCfg = MinSizeRel|Win32
		{82413CFF-7170-4460-825D-18CFF3C6523F}.MinSizeRel|Mixed Platforms.ActiveCfg = MinSizeRel|Win32
		{82413CFF-7170-4460-825D-18CFF3C6523F}.MinSizeRel|Mixed Platforms.Build.0 = MinSizeRel|Win32
		{82413CFF-7170-4460-825D-18CFF3C6523F}.MinSizeRel|Win32.ActiveCfg = MinSizeRel|Win32
		{82413CFF-7170-4460-825D-18CFF3C6523F}.MinSizeRel|Win32.Build.0 = MinSizeRel|Win32
		{82413CFF-7170-4460-825D-18CFF3C6523F}.Release|Any CPU.ActiveCfg = Release|Win32
		{82413CFF-7170-4460-825D-18CFF3C6523F}.Release|Mixed Platforms.ActiveCfg = Release|Win32
		{82413CFF-7170-4460-825D-18CFF3C6523F}.Release|Mixed Platforms.Build.0 = Release|Win32
		{82413CFF-7170-4460-825D-18CFF3C6523F}.Release|Win32.ActiveCfg = Release|Win32
		{82413CFF-7170-4460-825D-18CFF3C6523F}.Release|Win32.Build.0 = Release|Win32
		{82413CFF-7170-4460-825D-18CFF3C6523F}.RelWithDebInfo|Any CPU.ActiveCfg = RelWithDebInfo|Win32
		{82413CFF-7170-4460-825D-18CFF3C6523F}.RelWithDebInfo|Mixed Platforms.ActiveCfg = RelWithDebInfo|Win32
		{82413CFF-7170-4460-825D-18CFF3C6523F}.RelWithDebInfo|Mixed Platforms.Build.0 = RelWithDebInfo|Win32
		{82413CFF-7170-4460-825D-18CFF3C6523F}.RelWithDebInfo|Win32.ActiveCfg = RelWithDebInfo|Win32
		{82413CFF-7170-4460-825D-18CFF3C6523F}.RelWithDebInfo|Win32.Build.0 = RelWithDebInfo|Win32
	EndGlobalSection
	GlobalSection(SolutionProperties) = preSolution
		HideSolutionNode = FALSE
	EndGlobalSection
	GlobalSection(NestedProjects) = preSolution
		{82413CFF-7170-4460-825D-18CFF3C6523F} = {76113D4C-C44F-4CA0-B2F6-9692B452BFF8}
	EndGlobalSection
EndGlobal
